// !$*UTF8*$!
{
	archiveVersion = 1;
	classes = {
	};
	objectVersion = 50;
	objects = {

/* Begin PBXBuildFile section */
		1E0384AC21036BC10084F470 /* Item.swift in Sources */ = {isa = PBXBuildFile; fileRef = 1E0384AB21036BC10084F470 /* Item.swift */; };
		1E0384AE21036BD40084F470 /* Category.swift in Sources */ = {isa = PBXBuildFile; fileRef = 1E0384AD21036BD40084F470 /* Category.swift */; };
		1E15999F20F3E2B2004836FE /* AppDelegate.swift in Sources */ = {isa = PBXBuildFile; fileRef = 1E15999E20F3E2B2004836FE /* AppDelegate.swift */; };
		1E1599A120F3E2B2004836FE /* ToDoListViewController.swift in Sources */ = {isa = PBXBuildFile; fileRef = 1E1599A020F3E2B2004836FE /* ToDoListViewController.swift */; };
		1E1599A420F3E2B2004836FE /* Main.storyboard in Resources */ = {isa = PBXBuildFile; fileRef = 1E1599A220F3E2B2004836FE /* Main.storyboard */; };
		1E1599A620F3E2B3004836FE /* Assets.xcassets in Resources */ = {isa = PBXBuildFile; fileRef = 1E1599A520F3E2B3004836FE /* Assets.xcassets */; };
		1E1599A920F3E2B3004836FE /* LaunchScreen.storyboard in Resources */ = {isa = PBXBuildFile; fileRef = 1E1599A720F3E2B3004836FE /* LaunchScreen.storyboard */; };
		1E91B87C21048FC40080F1A4 /* SwipeTableViewController.swift in Sources */ = {isa = PBXBuildFile; fileRef = 1E91B87B21048FC40080F1A4 /* SwipeTableViewController.swift */; };
		1EFA83E72101D039008D5A01 /* CategoryViewController.swift in Sources */ = {isa = PBXBuildFile; fileRef = 1EFA83E62101D039008D5A01 /* CategoryViewController.swift */; };
		CFD9562C139285D41469A86A /* Pods_Todoey.framework in Frameworks */ = {isa = PBXBuildFile; fileRef = 90C4607469BA1A07A10B0206 /* Pods_Todoey.framework */; };
/* End PBXBuildFile section */

/* Begin PBXFileReference section */
		1E0384AB21036BC10084F470 /* Item.swift */ = {isa = PBXFileReference; lastKnownFileType = sourcecode.swift; path = Item.swift; sourceTree = "<group>"; };
		1E0384AD21036BD40084F470 /* Category.swift */ = {isa = PBXFileReference; lastKnownFileType = sourcecode.swift; path = Category.swift; sourceTree = "<group>"; };
		1E15999B20F3E2B2004836FE /* Todoey.app */ = {isa = PBXFileReference; explicitFileType = wrapper.application; includeInIndex = 0; path = Todoey.app; sourceTree = BUILT_PRODUCTS_DIR; };
		1E15999E20F3E2B2004836FE /* AppDelegate.swift */ = {isa = PBXFileReference; lastKnownFileType = sourcecode.swift; path = AppDelegate.swift; sourceTree = "<group>"; };
		1E1599A020F3E2B2004836FE /* ToDoListViewController.swift */ = {isa = PBXFileReference; lastKnownFileType = sourcecode.swift; path = ToDoListViewController.swift; sourceTree = "<group>"; };
		1E1599A320F3E2B2004836FE /* Base */ = {isa = PBXFileReference; lastKnownFileType = file.storyboard; name = Base; path = Base.lproj/Main.storyboard; sourceTree = "<group>"; };
		1E1599A520F3E2B3004836FE /* Assets.xcassets */ = {isa = PBXFileReference; lastKnownFileType = folder.assetcatalog; path = Assets.xcassets; sourceTree = "<group>"; };
		1E1599A820F3E2B3004836FE /* Base */ = {isa = PBXFileReference; lastKnownFileType = file.storyboard; name = Base; path = Base.lproj/LaunchScreen.storyboard; sourceTree = "<group>"; };
		1E51726C20FBCE3E0048D144 /* Info.plist */ = {isa = PBXFileReference; fileEncoding = 4; lastKnownFileType = text.plist.xml; name = Info.plist; path = Todoey/Info.plist; sourceTree = "<group>"; };
		1E91B87B21048FC40080F1A4 /* SwipeTableViewController.swift */ = {isa = PBXFileReference; lastKnownFileType = sourcecode.swift; path = SwipeTableViewController.swift; sourceTree = "<group>"; };
		1EFA83E62101D039008D5A01 /* CategoryViewController.swift */ = {isa = PBXFileReference; lastKnownFileType = sourcecode.swift; path = CategoryViewController.swift; sourceTree = "<group>"; };
		90C4607469BA1A07A10B0206 /* Pods_Todoey.framework */ = {isa = PBXFileReference; explicitFileType = wrapper.framework; includeInIndex = 0; path = Pods_Todoey.framework; sourceTree = BUILT_PRODUCTS_DIR; };
		C916682E3F930565B2BA515A /* Pods-Todoey.release.xcconfig */ = {isa = PBXFileReference; includeInIndex = 1; lastKnownFileType = text.xcconfig; name = "Pods-Todoey.release.xcconfig"; path = "Pods/Target Support Files/Pods-Todoey/Pods-Todoey.release.xcconfig"; sourceTree = "<group>"; };
		CF1DB80A7883A40FD08F2422 /* Pods-Todoey.debug.xcconfig */ = {isa = PBXFileReference; includeInIndex = 1; lastKnownFileType = text.xcconfig; name = "Pods-Todoey.debug.xcconfig"; path = "Pods/Target Support Files/Pods-Todoey/Pods-Todoey.debug.xcconfig"; sourceTree = "<group>"; };
/* End PBXFileReference section */

/* Begin PBXFrameworksBuildPhase section */
		1E15999820F3E2B2004836FE /* Frameworks */ = {
			isa = PBXFrameworksBuildPhase;
			buildActionMask = 2147483647;
			files = (
				CFD9562C139285D41469A86A /* Pods_Todoey.framework in Frameworks */,
			);
			runOnlyForDeploymentPostprocessing = 0;
		};
/* End PBXFrameworksBuildPhase section */

/* Begin PBXGroup section */
		0DBE228AC9173525F384C4C8 /* Pods */ = {
			isa = PBXGroup;
			children = (
				CF1DB80A7883A40FD08F2422 /* Pods-Todoey.debug.xcconfig */,
				C916682E3F930565B2BA515A /* Pods-Todoey.release.xcconfig */,
			);
			name = Pods;
			sourceTree = "<group>";
		};
		1E15999220F3E2B2004836FE = {
			isa = PBXGroup;
			children = (
				1E15999D20F3E2B2004836FE /* Todoey */,
				1E15999C20F3E2B2004836FE /* Products */,
				1E51726C20FBCE3E0048D144 /* Info.plist */,
				0DBE228AC9173525F384C4C8 /* Pods */,
				57A5B0DC61C32B1F353E2346 /* Frameworks */,
			);
			sourceTree = "<group>";
		};
		1E15999C20F3E2B2004836FE /* Products */ = {
			isa = PBXGroup;
			children = (
				1E15999B20F3E2B2004836FE /* Todoey.app */,
			);
			name = Products;
			sourceTree = "<group>";
		};
		1E15999D20F3E2B2004836FE /* Todoey */ = {
			isa = PBXGroup;
			children = (
				1E15999E20F3E2B2004836FE /* AppDelegate.swift */,
				1E51726920FBC5420048D144 /* Contollers */,
				1E51726820FBC5240048D144 /* Data Model */,
				1E51726A20FBC57C0048D144 /* Views */,
				1E51726B20FBC5980048D144 /* Supportnig Files */,
			);
			path = Todoey;
			sourceTree = "<group>";
		};
		1E51726820FBC5240048D144 /* Data Model */ = {
			isa = PBXGroup;
			children = (
				1E0384AD21036BD40084F470 /* Category.swift */,
				1E0384AB21036BC10084F470 /* Item.swift */,
			);
			path = "Data Model";
			sourceTree = "<group>";
		};
		1E51726920FBC5420048D144 /* Contollers */ = {
			isa = PBXGroup;
			children = (
				1E91B87B21048FC40080F1A4 /* SwipeTableViewController.swift */,
				1EFA83E62101D039008D5A01 /* CategoryViewController.swift */,
				1E1599A020F3E2B2004836FE /* ToDoListViewController.swift */,
			);
			path = Contollers;
			sourceTree = "<group>";
		};
		1E51726A20FBC57C0048D144 /* Views */ = {
			isa = PBXGroup;
			children = (
				1E1599A220F3E2B2004836FE /* Main.storyboard */,
			);
			path = Views;
			sourceTree = "<group>";
		};
		1E51726B20FBC5980048D144 /* Supportnig Files */ = {
			isa = PBXGroup;
			children = (
				1E1599A520F3E2B3004836FE /* Assets.xcassets */,
				1E1599A720F3E2B3004836FE /* LaunchScreen.storyboard */,
			);
			path = "Supportnig Files";
			sourceTree = "<group>";
		};
		57A5B0DC61C32B1F353E2346 /* Frameworks */ = {
			isa = PBXGroup;
			children = (
				90C4607469BA1A07A10B0206 /* Pods_Todoey.framework */,
			);
			name = Frameworks;
			sourceTree = "<group>";
		};
/* End PBXGroup section */

/* Begin PBXNativeTarget section */
		1E15999A20F3E2B2004836FE /* Todoey */ = {
			isa = PBXNativeTarget;
			buildConfigurationList = 1E1599AD20F3E2B3004836FE /* Build configuration list for PBXNativeTarget "Todoey" */;
			buildPhases = (
				F17914ABEF69619B585C7843 /* [CP] Check Pods Manifest.lock */,
				1E15999720F3E2B2004836FE /* Sources */,
				1E15999820F3E2B2004836FE /* Frameworks */,
				1E15999920F3E2B2004836FE /* Resources */,
				8EB05660E783F20214FCF2DE /* [CP] Embed Pods Frameworks */,
			);
			buildRules = (
			);
			dependencies = (
			);
			name = Todoey;
			productName = Todoey;
			productReference = 1E15999B20F3E2B2004836FE /* Todoey.app */;
			productType = "com.apple.product-type.application";
		};
/* End PBXNativeTarget section */

/* Begin PBXProject section */
		1E15999320F3E2B2004836FE /* Project object */ = {
			isa = PBXProject;
			attributes = {
				LastSwiftUpdateCheck = 0940;
				LastUpgradeCheck = 0940;
				ORGANIZATIONNAME = "Aleksandr Skorotkin";
				TargetAttributes = {
					1E15999A20F3E2B2004836FE = {
						CreatedOnToolsVersion = 9.4.1;
					};
				};
			};
			buildConfigurationList = 1E15999620F3E2B2004836FE /* Build configuration list for PBXProject "Todoey" */;
			compatibilityVersion = "Xcode 9.3";
			developmentRegion = en;
			hasScannedForEncodings = 0;
			knownRegions = (
				en,
				Base,
			);
			mainGroup = 1E15999220F3E2B2004836FE;
			productRefGroup = 1E15999C20F3E2B2004836FE /* Products */;
			projectDirPath = "";
			projectRoot = "";
			targets = (
				1E15999A20F3E2B2004836FE /* Todoey */,
			);
		};
/* End PBXProject section */

/* Begin PBXResourcesBuildPhase section */
		1E15999920F3E2B2004836FE /* Resources */ = {
			isa = PBXResourcesBuildPhase;
			buildActionMask = 2147483647;
			files = (
				1E1599A920F3E2B3004836FE /* LaunchScreen.storyboard in Resources */,
				1E1599A620F3E2B3004836FE /* Assets.xcassets in Resources */,
				1E1599A420F3E2B2004836FE /* Main.storyboard in Resources */,
			);
			runOnlyForDeploymentPostprocessing = 0;
		};
/* End PBXResourcesBuildPhase section */

/* Begin PBXShellScriptBuildPhase section */
		8EB05660E783F20214FCF2DE /* [CP] Embed Pods Frameworks */ = {
			isa = PBXShellScriptBuildPhase;
			buildActionMask = 2147483647;
			files = (
			);
			inputPaths = (
				"${SRCROOT}/Pods/Target Support Files/Pods-Todoey/Pods-Todoey-frameworks.sh",
				"${BUILT_PRODUCTS_DIR}/ChameleonFramework/ChameleonFramework.framework",
				"${BUILT_PRODUCTS_DIR}/Realm/Realm.framework",
				"${BUILT_PRODUCTS_DIR}/RealmSwift/RealmSwift.framework",
				"${BUILT_PRODUCTS_DIR}/SwipeCellKit/SwipeCellKit.framework",
			);
			name = "[CP] Embed Pods Frameworks";
			outputPaths = (
				"${TARGET_BUILD_DIR}/${FRAMEWORKS_FOLDER_PATH}/ChameleonFramework.framework",
				"${TARGET_BUILD_DIR}/${FRAMEWORKS_FOLDER_PATH}/Realm.framework",
				"${TARGET_BUILD_DIR}/${FRAMEWORKS_FOLDER_PATH}/RealmSwift.framework",
				"${TARGET_BUILD_DIR}/${FRAMEWORKS_FOLDER_PATH}/SwipeCellKit.framework",
			);
			runOnlyForDeploymentPostprocessing = 0;
			shellPath = /bin/sh;
			shellScript = "\"${SRCROOT}/Pods/Target Support Files/Pods-Todoey/Pods-Todoey-frameworks.sh\"\n";
			showEnvVarsInLog = 0;
		};
		F17914ABEF69619B585C7843 /* [CP] Check Pods Manifest.lock */ = {
			isa = PBXShellScriptBuildPhase;
			buildActionMask = 2147483647;
			files = (
			);
			inputPaths = (
				"${PODS_PODFILE_DIR_PATH}/Podfile.lock",
				"${PODS_ROOT}/Manifest.lock",
			);
			name = "[CP] Check Pods Manifest.lock";
			outputPaths = (
				"$(DERIVED_FILE_DIR)/Pods-Todoey-checkManifestLockResult.txt",
			);
			runOnlyForDeploymentPostprocessing = 0;
			shellPath = /bin/sh;
			shellScript = "diff \"${PODS_PODFILE_DIR_PATH}/Podfile.lock\" \"${PODS_ROOT}/Manifest.lock\" > /dev/null\nif [ $? != 0 ] ; then\n    # print error to STDERR\n    echo \"error: The sandbox is not in sync with the Podfile.lock. Run 'pod install' or update your CocoaPods installation.\" >&2\n    exit 1\nfi\n# This output is used by Xcode 'outputs' to avoid re-running this script phase.\necho \"SUCCESS\" > \"${SCRIPT_OUTPUT_FILE_0}\"\n";
			showEnvVarsInLog = 0;
		};
/* End PBXShellScriptBuildPhase section */

/* Begin PBXSourcesBuildPhase section */
		1E15999720F3E2B2004836FE /* Sources */ = {
			isa = PBXSourcesBuildPhase;
			buildActionMask = 2147483647;
			files = (
				1E0384AC21036BC10084F470 /* Item.swift in Sources */,
				1EFA83E72101D039008D5A01 /* CategoryViewController.swift in Sources */,
				1E1599A120F3E2B2004836FE /* ToDoListViewController.swift in Sources */,
				1E15999F20F3E2B2004836FE /* AppDelegate.swift in Sources */,
				1E91B87C21048FC40080F1A4 /* SwipeTableViewController.swift in Sources */,
				1E0384AE21036BD40084F470 /* Category.swift in Sources */,
			);
			runOnlyForDeploymentPostprocessing = 0;
		};
/* End PBXSourcesBuildPhase section */

/* Begin PBXVariantGroup section */
		1E1599A220F3E2B2004836FE /* Main.storyboard */ = {
			isa = PBXVariantGroup;
			children = (
				1E1599A320F3E2B2004836FE /* Base */,
			);
			name = Main.storyboard;
			sourceTree = "<group>";
		};
		1E1599A720F3E2B3004836FE /* LaunchScreen.storyboard */ = {
			isa = PBXVariantGroup;
			children = (
				1E1599A820F3E2B3004836FE /* Base */,
			);
			name = LaunchScreen.storyboard;
			sourceTree = "<group>";
		};
/* End PBXVariantGroup section */

/* Begin XCBuildConfiguration section */
		1E1599AB20F3E2B3004836FE /* Debug */ = {
			isa = XCBuildConfiguration;
			buildSettings = {
				ALWAYS_SEARCH_USER_PATHS = NO;
				CLANG_ANALYZER_NONNULL = YES;
				CLANG_ANALYZER_NUMBER_OBJECT_CONVERSION = YES_AGGRESSIVE;
				CLANG_CXX_LANGUAGE_STANDARD = "gnu++14";
				CLANG_CXX_LIBRARY = "libc++";
				CLANG_ENABLE_MODULES = YES;
				CLANG_ENABLE_OBJC_ARC = YES;
				CLANG_ENABLE_OBJC_WEAK = YES;
				CLANG_WARN_BLOCK_CAPTURE_AUTORELEASING = YES;
				CLANG_WARN_BOOL_CONVERSION = YES;
				CLANG_WARN_COMMA = YES;
				CLANG_WARN_CONSTANT_CONVERSION = YES;
				CLANG_WARN_DEPRECATED_OBJC_IMPLEMENTATIONS = YES;
				CLANG_WARN_DIRECT_OBJC_ISA_USAGE = YES_ERROR;
				CLANG_WARN_DOCUMENTATION_COMMENTS = YES;
				CLANG_WARN_EMPTY_BODY = YES;
				CLANG_WARN_ENUM_CONVERSION = YES;
				CLANG_WARN_INFINITE_RECURSION = YES;
				CLANG_WARN_INT_CONVERSION = YES;
				CLANG_WARN_NON_LITERAL_NULL_CONVERSION = YES;
				CLANG_WARN_OBJC_IMPLICIT_RETAIN_SELF = YES;
				CLANG_WARN_OBJC_LITERAL_CONVERSION = YES;
				CLANG_WARN_OBJC_ROOT_CLASS = YES_ERROR;
				CLANG_WARN_RANGE_LOOP_ANALYSIS = YES;
				CLANG_WARN_STRICT_PROTOTYPES = YES;
				CLANG_WARN_SUSPICIOUS_MOVE = YES;
				CLANG_WARN_UNGUARDED_AVAILABILITY = YES_AGGRESSIVE;
				CLANG_WARN_UNREACHABLE_CODE = YES;
				CLANG_WARN__DUPLICATE_METHOD_MATCH = YES;
				CODE_SIGN_IDENTITY = "iPhone Developer";
				COPY_PHASE_STRIP = NO;
				DEBUG_INFORMATION_FORMAT = dwarf;
				ENABLE_STRICT_OBJC_MSGSEND = YES;
				ENABLE_TESTABILITY = YES;
				GCC_C_LANGUAGE_STANDARD = gnu11;
				GCC_DYNAMIC_NO_PIC = NO;
				GCC_NO_COMMON_BLOCKS = YES;
				GCC_OPTIMIZATION_LEVEL = 0;
				GCC_PREPROCESSOR_DEFINITIONS = (
					"DEBUG=1",
					"$(inherited)",
				);
				GCC_WARN_64_TO_32_BIT_CONVERSION = YES;
				GCC_WARN_ABOUT_RETURN_TYPE = YES_ERROR;
				GCC_WARN_UNDECLARED_SELECTOR = YES;
				GCC_WARN_UNINITIALIZED_AUTOS = YES_AGGRESSIVE;
				GCC_WARN_UNUSED_FUNCTION = YES;
				GCC_WARN_UNUSED_VARIABLE = YES;
				IPHONEOS_DEPLOYMENT_TARGET = 11.4;
				MTL_ENABLE_DEBUG_INFO = YES;
				ONLY_ACTIVE_ARCH = YES;
				SDKROOT = iphoneos;
				SWIFT_ACTIVE_COMPILATION_CONDITIONS = DEBUG;
				SWIFT_OPTIMIZATION_LEVEL = "-Onone";
			};
			name = Debug;
		};
		1E1599AC20F3E2B3004836FE /* Release */ = {
			isa = XCBuildConfiguration;
			buildSettings = {
				ALWAYS_SEARCH_USER_PATHS = NO;
				CLANG_ANALYZER_NONNULL = YES;
				CLANG_ANALYZER_NUMBER_OBJECT_CONVERSION = YES_AGGRESSIVE;
				CLANG_CXX_LANGUAGE_STANDARD = "gnu++14";
				CLANG_CXX_LIBRARY = "libc++";
				CLANG_ENABLE_MODULES = YES;
				CLANG_ENABLE_OBJC_ARC = YES;
				CLANG_ENABLE_OBJC_WEAK = YES;
				CLANG_WARN_BLOCK_CAPTURE_AUTORELEASING = YES;
				CLANG_WARN_BOOL_CONVERSION = YES;
				CLANG_WARN_COMMA = YES;
				CLANG_WARN_CONSTANT_CONVERSION = YES;
				CLANG_WARN_DEPRECATED_OBJC_IMPLEMENTATIONS = YES;
				CLANG_WARN_DIRECT_OBJC_ISA_USAGE = YES_ERROR;
				CLANG_WARN_DOCUMENTATION_COMMENTS = YES;
				CLANG_WARN_EMPTY_BODY = YES;
				CLANG_WARN_ENUM_CONVERSION = YES;
				CLANG_WARN_INFINITE_RECURSION = YES;
				CLANG_WARN_INT_CONVERSION = YES;
				CLANG_WARN_NON_LITERAL_NULL_CONVERSION = YES;
				CLANG_WARN_OBJC_IMPLICIT_RETAIN_SELF = YES;
				CLANG_WARN_OBJC_LITERAL_CONVERSION = YES;
				CLANG_WARN_OBJC_ROOT_CLASS = YES_ERROR;
				CLANG_WARN_RANGE_LOOP_ANALYSIS = YES;
				CLANG_WARN_STRICT_PROTOTYPES = YES;
				CLANG_WARN_SUSPICIOUS_MOVE = YES;
				CLANG_WARN_UNGUARDED_AVAILABILITY = YES_AGGRESSIVE;
				CLANG_WARN_UNREACHABLE_CODE = YES;
				CLANG_WARN__DUPLICATE_METHOD_MATCH = YES;
				CODE_SIGN_IDENTITY = "iPhone Developer";
				COPY_PHASE_STRIP = NO;
				DEBUG_INFORMATION_FORMAT = "dwarf-with-dsym";
				ENABLE_NS_ASSERTIONS = NO;
				ENABLE_STRICT_OBJC_MSGSEND = YES;
				GCC_C_LANGUAGE_STANDARD = gnu11;
				GCC_NO_COMMON_BLOCKS = YES;
				GCC_WARN_64_TO_32_BIT_CONVERSION = YES;
				GCC_WARN_ABOUT_RETURN_TYPE = YES_ERROR;
				GCC_WARN_UNDECLARED_SELECTOR = YES;
				GCC_WARN_UNINITIALIZED_AUTOS = YES_AGGRESSIVE;
				GCC_WARN_UNUSED_FUNCTION = YES;
				GCC_WARN_UNUSED_VARIABLE = YES;
				IPHONEOS_DEPLOYMENT_TARGET = 11.4;
				MTL_ENABLE_DEBUG_INFO = NO;
				SDKROOT = iphoneos;
				SWIFT_COMPILATION_MODE = wholemodule;
				SWIFT_OPTIMIZATION_LEVEL = "-O";
				VALIDATE_PRODUCT = YES;
			};
			name = Release;
		};
		1E1599AE20F3E2B3004836FE /* Debug */ = {
			isa = XCBuildConfiguration;
			baseConfigurationReference = CF1DB80A7883A40FD08F2422 /* Pods-Todoey.debug.xcconfig */;
			buildSettings = {
				ASSETCATALOG_COMPILER_APPICON_NAME = AppIcon;
				CODE_SIGN_STYLE = Automatic;
				DEVELOPMENT_TEAM = YB3MVSHSDQ;
				INFOPLIST_FILE = Todoey/Info.plist;
				LD_RUNPATH_SEARCH_PATHS = (
					"$(inherited)",
					"@executable_path/Frameworks",
				);
				PRODUCT_BUNDLE_IDENTIFIER = ADSkorotkin.Todoey;
				PRODUCT_NAME = "$(TARGET_NAME)";
				SWIFT_VERSION = 4.0;
				TARGETED_DEVICE_FAMILY = "1,2";
			};
			name = Debug;
		};
		1E1599AF20F3E2B3004836FE /* Release */ = {
			isa = XCBuildConfiguration;
			baseConfigurationReference = C916682E3F930565B2BA515A /* Pods-Todoey.release.xcconfig */;
			buildSettings = {
				ASSETCATALOG_COMPILER_APPICON_NAME = AppIcon;
				CODE_SIGN_STYLE = Automatic;
				DEVELOPMENT_TEAM = YB3MVSHSDQ;
				INFOPLIST_FILE = Todoey/Info.plist;
				LD_RUNPATH_SEARCH_PATHS = (
					"$(inherited)",
					"@executable_path/Frameworks",
				);
				PRODUCT_BUNDLE_IDENTIFIER = ADSkorotkin.Todoey;
				PRODUCT_NAME = "$(TARGET_NAME)";
				SWIFT_VERSION = 4.0;
				TARGETED_DEVICE_FAMILY = "1,2";
			};
			name = Release;
		};
/* End XCBuildConfiguration section */

/* Begin XCConfigurationList section */
		1E15999620F3E2B2004836FE /* Build configuration list for PBXProject "Todoey" */ = {
			isa = XCConfigurationList;
			buildConfigurations = (
				1E1599AB20F3E2B3004836FE /* Debug */,
				1E1599AC20F3E2B3004836FE /* Release */,
			);
			defaultConfigurationIsVisible = 0;
			defaultConfigurationName = Release;
		};
		1E1599AD20F3E2B3004836FE /* Build configuration list for PBXNativeTarget "Todoey" */ = {
			isa = XCConfigurationList;
			buildConfigurations = (
				1E1599AE20F3E2B3004836FE /* Debug */,
				1E1599AF20F3E2B3004836FE /* Release */,
			);
			defaultConfigurationIsVisible = 0;
			defaultConfigurationName = Release;
		};
/* End XCConfigurationList section */
	};
	rootObject = 1E15999320F3E2B2004836FE /* Project object */;
}
